
Microsoft Visual Studio Solution File, Format Version 12.00
# Visual Studio Version 17
VisualStudioVersion = 17.7.34024.191
MinimumVisualStudioVersion = 10.0.40219.1
Project("{9A19103F-16F7-4668-BE54-9A1E7A4F7556}") = "IBosEmpManagement", "IBosEmpManagement\IBosEmpManagement.csproj", "{B035504D-0ADA-4961-BEB1-97EFCCAB6466}"
EndProject
Project("{9A19103F-16F7-4668-BE54-9A1E7A4F7556}") = "DAL", "DAL\DAL.csproj", "{B46225F4-426D-457D-9CF3-571C60369FFB}"
EndProject
Project("{9A19103F-16F7-4668-BE54-9A1E7A4F7556}") = "BLL", "BLL\BLL.csproj", "{1091E849-A088-43C8-995F-95CE0DFA33A6}"
EndProject
Project("{2150E333-8FDC-42A3-9474-1A3956D46DE8}") = "Solution Items", "Solution Items", "{4412BC59-7ECF-45D0-ADE3-0388198D57AB}"
	ProjectSection(SolutionItems) = preProject
		.editorconfig = .editorconfig
	EndProjectSection
EndProject
Global
	GlobalSection(SolutionConfigurationPlatforms) = preSolution
		Debug|Any CPU = Debug|Any CPU
		Release|Any CPU = Release|Any CPU
	EndGlobalSection
	GlobalSection(ProjectConfigurationPlatforms) = postSolution
		{B035504D-0ADA-4961-BEB1-97EFCCAB6466}.Debug|Any CPU.ActiveCfg = Debug|Any CPU
		{B035504D-0ADA-4961-BEB1-97EFCCAB6466}.Debug|Any CPU.Build.0 = Debug|Any CPU
		{B035504D-0ADA-4961-BEB1-97EFCCAB6466}.Release|Any CPU.ActiveCfg = Release|Any CPU
		{B035504D-0ADA-4961-BEB1-97EFCCAB6466}.Release|Any CPU.Build.0 = Release|Any CPU
		{B46225F4-426D-457D-9CF3-571C60369FFB}.Debug|Any CPU.ActiveCfg = Debug|Any CPU
		{B46225F4-426D-457D-9CF3-571C60369FFB}.Debug|Any CPU.Build.0 = Debug|Any CPU
		{B46225F4-426D-457D-9CF3-571C60369FFB}.Release|Any CPU.ActiveCfg = Release|Any CPU
		{B46225F4-426D-457D-9CF3-571C60369FFB}.Release|Any CPU.Build.0 = Release|Any CPU
		{1091E849-A088-43C8-995F-95CE0DFA33A6}.Debug|Any CPU.ActiveCfg = Debug|Any CPU
		{1091E849-A088-43C8-995F-95CE0DFA33A6}.Debug|Any CPU.Build.0 = Debug|Any CPU
		{1091E849-A088-43C8-995F-95CE0DFA33A6}.Release|Any CPU.ActiveCfg = Release|Any CPU
		{1091E849-A088-43C8-995F-95CE0DFA33A6}.Release|Any CPU.Build.0 = Release|Any CPU
	EndGlobalSection
	GlobalSection(SolutionProperties) = preSolution
		HideSolutionNode = FALSE
	EndGlobalSection
	GlobalSection(ExtensibilityGlobals) = postSolution
		SolutionGuid = {C8F0445C-CF9C-455A-B6C2-E3EB2CF10BED}
	EndGlobalSection
EndGlobal
